
Microsoft Visual Studio Solution File, Format Version 12.00
# Visual Studio Version 17
VisualStudioVersion = 17.5.33516.290
MinimumVisualStudioVersion = 10.0.40219.1
Project("{8BC9CEB8-8B4A-11D0-8D11-00A0C91BC942}") = "words_lib", "words_lib.vcxproj", "{F5E56799-1F28-4043-B053-908CB24BE08C}"
EndProject
Global
	GlobalSection(SolutionConfigurationPlatforms) = preSolution
		Debug|x64 = Debug|x64
		Debug|x86 = Debug|x86
		Release|x64 = Release|x64
		Release|x86 = Release|x86
	EndGlobalSection
	GlobalSection(ProjectConfigurationPlatforms) = postSolution
		{F5E56799-1F28-4043-B053-908CB24BE08C}.Debug|x64.ActiveCfg = Debug|x64
		{F5E56799-1F28-4043-B053-908CB24BE08C}.Debug|x64.Build.0 = Debug|x64
		{F5E56799-1F28-4043-B053-908CB24BE08C}.Debug|x86.ActiveCfg = Debug|Win32
		{F5E56799-1F28-4043-B053-908CB24BE08C}.Debug|x86.Build.0 = Debug|Win32
		{F5E56799-1F28-4043-B053-908CB24BE08C}.Release|x64.ActiveCfg = Release|x64
		{F5E56799-1F28-4043-B053-908CB24BE08C}.Release|x64.Build.0 = Release|x64
		{F5E56799-1F28-4043-B053-908CB24BE08C}.Release|x86.ActiveCfg = Release|Win32
		{F5E56799-1F28-4043-B053-908CB24BE08C}.Release|x86.Build.0 = Release|Win32
	EndGlobalSection
	GlobalSection(SolutionProperties) = preSolution
		HideSolutionNode = FALSE
	EndGlobalSection
	GlobalSection(ExtensibilityGlobals) = postSolution
		SolutionGuid = {87DF74C7-663C-43E2-9F62-419129FECE71}
	EndGlobalSection
EndGlobal
